
Microsoft Visual Studio Solution File, Format Version 12.00
# Visual Studio Version 17
VisualStudioVersion = 17.10.35013.160
MinimumVisualStudioVersion = 10.0.40219.1
Project("{FAE04EC0-301F-11D3-BF4B-00C04F79EFBC}") = "AppDevextreme", "AppDevextreme\AppDevextreme.csproj", "{620B2B22-4004-4B6A-9178-8C1EF2EA3640}"
EndProject
Global
	GlobalSection(SolutionConfigurationPlatforms) = preSolution
		Debug|Any CPU = Debug|Any CPU
		Release|Any CPU = Release|Any CPU
	EndGlobalSection
	GlobalSection(ProjectConfigurationPlatforms) = postSolution
		{620B2B22-4004-4B6A-9178-8C1EF2EA3640}.Debug|Any CPU.ActiveCfg = Debug|Any CPU
		{620B2B22-4004-4B6A-9178-8C1EF2EA3640}.Debug|Any CPU.Build.0 = Debug|Any CPU
		{620B2B22-4004-4B6A-9178-8C1EF2EA3640}.Release|Any CPU.ActiveCfg = Release|Any CPU
		{620B2B22-4004-4B6A-9178-8C1EF2EA3640}.Release|Any CPU.Build.0 = Release|Any CPU
	EndGlobalSection
	GlobalSection(SolutionProperties) = preSolution
		HideSolutionNode = FALSE
	EndGlobalSection
	GlobalSection(ExtensibilityGlobals) = postSolution
		SolutionGuid = {3AA3F8AE-A332-4FA1-8214-54D86FA202B1}
	EndGlobalSection
EndGlobal
